
Microsoft Visual Studio Solution File, Format Version 12.00
# Visual Studio Version 17
VisualStudioVersion = 17.7.34003.232
MinimumVisualStudioVersion = 10.0.40219.1
Project("{9A19103F-16F7-4668-BE54-9A1E7A4F7556}") = "HouseBroker.API", "HouseBroker.API.csproj", "{4CD2FED2-B46A-4FCA-B711-103726867125}"
EndProject
Project("{9A19103F-16F7-4668-BE54-9A1E7A4F7556}") = "HouseBroker.Domain", "..\HouseBroker.Domain\HouseBroker.Domain.csproj", "{6AA501A3-AE63-418C-8828-AF44661754C4}"
EndProject
Project("{9A19103F-16F7-4668-BE54-9A1E7A4F7556}") = "HouseBroker.Application", "..\HouseBroker.Application\HouseBroker.Application.csproj", "{70EF140E-607A-481F-88A3-D96B738968F7}"
EndProject
Project("{9A19103F-16F7-4668-BE54-9A1E7A4F7556}") = "HouseBroker.Infrastructure", "..\HouseBroker.Infrastructure\HouseBroker.Infrastructure.csproj", "{16E1A0C0-142A-49DC-B8B8-C9E9BDB8C62C}"
EndProject
Project("{FAE04EC0-301F-11D3-BF4B-00C04F79EFBC}") = "HouseBroker.UnitTests", "..\HouseBroker.UnitTests\HouseBroker.UnitTests.csproj", "{C7D133A5-953F-4082-AE16-66E47F59A923}"
EndProject
Global
	GlobalSection(SolutionConfigurationPlatforms) = preSolution
		Debug|Any CPU = Debug|Any CPU
		Release|Any CPU = Release|Any CPU
	EndGlobalSection
	GlobalSection(ProjectConfigurationPlatforms) = postSolution
		{4CD2FED2-B46A-4FCA-B711-103726867125}.Debug|Any CPU.ActiveCfg = Debug|Any CPU
		{4CD2FED2-B46A-4FCA-B711-103726867125}.Debug|Any CPU.Build.0 = Debug|Any CPU
		{4CD2FED2-B46A-4FCA-B711-103726867125}.Release|Any CPU.ActiveCfg = Release|Any CPU
		{4CD2FED2-B46A-4FCA-B711-103726867125}.Release|Any CPU.Build.0 = Release|Any CPU
		{6AA501A3-AE63-418C-8828-AF44661754C4}.Debug|Any CPU.ActiveCfg = Debug|Any CPU
		{6AA501A3-AE63-418C-8828-AF44661754C4}.Debug|Any CPU.Build.0 = Debug|Any CPU
		{6AA501A3-AE63-418C-8828-AF44661754C4}.Release|Any CPU.ActiveCfg = Release|Any CPU
		{6AA501A3-AE63-418C-8828-AF44661754C4}.Release|Any CPU.Build.0 = Release|Any CPU
		{70EF140E-607A-481F-88A3-D96B738968F7}.Debug|Any CPU.ActiveCfg = Debug|Any CPU
		{70EF140E-607A-481F-88A3-D96B738968F7}.Debug|Any CPU.Build.0 = Debug|Any CPU
		{70EF140E-607A-481F-88A3-D96B738968F7}.Release|Any CPU.ActiveCfg = Release|Any CPU
		{70EF140E-607A-481F-88A3-D96B738968F7}.Release|Any CPU.Build.0 = Release|Any CPU
		{16E1A0C0-142A-49DC-B8B8-C9E9BDB8C62C}.Debug|Any CPU.ActiveCfg = Debug|Any CPU
		{16E1A0C0-142A-49DC-B8B8-C9E9BDB8C62C}.Debug|Any CPU.Build.0 = Debug|Any CPU
		{16E1A0C0-142A-49DC-B8B8-C9E9BDB8C62C}.Release|Any CPU.ActiveCfg = Release|Any CPU
		{16E1A0C0-142A-49DC-B8B8-C9E9BDB8C62C}.Release|Any CPU.Build.0 = Release|Any CPU
		{C7D133A5-953F-4082-AE16-66E47F59A923}.Debug|Any CPU.ActiveCfg = Debug|Any CPU
		{C7D133A5-953F-4082-AE16-66E47F59A923}.Debug|Any CPU.Build.0 = Debug|Any CPU
		{C7D133A5-953F-4082-AE16-66E47F59A923}.Release|Any CPU.ActiveCfg = Release|Any CPU
		{C7D133A5-953F-4082-AE16-66E47F59A923}.Release|Any CPU.Build.0 = Release|Any CPU
	EndGlobalSection
	GlobalSection(SolutionProperties) = preSolution
		HideSolutionNode = FALSE
	EndGlobalSection
	GlobalSection(ExtensibilityGlobals) = postSolution
		SolutionGuid = {A2E69A7E-1F20-4B64-B16D-5CF1D98795B8}
	EndGlobalSection
EndGlobal
